
Microsoft Visual Studio Solution File, Format Version 12.00
# Visual Studio Version 17
VisualStudioVersion = 17.13.35931.197 d17.13
MinimumVisualStudioVersion = 10.0.40219.1
Project("{FAE04EC0-301F-11D3-BF4B-00C04F79EFBC}") = "WinFormsApp21", "WinFormsApp21\WinFormsApp21.csproj", "{A1EA16EA-7FB9-4BF3-9858-4EF7DDFAB31B}"
EndProject
Project("{FAE04EC0-301F-11D3-BF4B-00C04F79EFBC}") = "ClassLibrary1", "ClassLibrary1\ClassLibrary1.csproj", "{164ECF6C-0F2B-4F91-80A7-2F5A70F6EAF4}"
EndProject
Global
	GlobalSection(SolutionConfigurationPlatforms) = preSolution
		Debug|Any CPU = Debug|Any CPU
		Release|Any CPU = Release|Any CPU
	EndGlobalSection
	GlobalSection(ProjectConfigurationPlatforms) = postSolution
		{A1EA16EA-7FB9-4BF3-9858-4EF7DDFAB31B}.Debug|Any CPU.ActiveCfg = Debug|Any CPU
		{A1EA16EA-7FB9-4BF3-9858-4EF7DDFAB31B}.Debug|Any CPU.Build.0 = Debug|Any CPU
		{A1EA16EA-7FB9-4BF3-9858-4EF7DDFAB31B}.Release|Any CPU.ActiveCfg = Release|Any CPU
		{A1EA16EA-7FB9-4BF3-9858-4EF7DDFAB31B}.Release|Any CPU.Build.0 = Release|Any CPU
		{164ECF6C-0F2B-4F91-80A7-2F5A70F6EAF4}.Debug|Any CPU.ActiveCfg = Debug|Any CPU
		{164ECF6C-0F2B-4F91-80A7-2F5A70F6EAF4}.Debug|Any CPU.Build.0 = Debug|Any CPU
		{164ECF6C-0F2B-4F91-80A7-2F5A70F6EAF4}.Release|Any CPU.ActiveCfg = Release|Any CPU
		{164ECF6C-0F2B-4F91-80A7-2F5A70F6EAF4}.Release|Any CPU.Build.0 = Release|Any CPU
	EndGlobalSection
	GlobalSection(SolutionProperties) = preSolution
		HideSolutionNode = FALSE
	EndGlobalSection
	GlobalSection(ExtensibilityGlobals) = postSolution
		SolutionGuid = {B9A24AFB-F159-4CDC-8053-D1A48D89FB3B}
	EndGlobalSection
EndGlobal
